// !$*UTF8*$!
{
	archiveVersion = 1;
	classes = {
	};
	objectVersion = 50;
	objects = {

/* Begin PBXBuildFile section */
		187241A2231591CC00DFE149 /* AppDelegate.swift in Sources */ = {isa = PBXBuildFile; fileRef = 187241A1231591CC00DFE149 /* AppDelegate.swift */; };
		187241A4231591CC00DFE149 /* ViewController.swift in Sources */ = {isa = PBXBuildFile; fileRef = 187241A3231591CC00DFE149 /* ViewController.swift */; };
		187241A7231591CC00DFE149 /* Main.storyboard in Resources */ = {isa = PBXBuildFile; fileRef = 187241A5231591CC00DFE149 /* Main.storyboard */; };
		187241A9231591CC00DFE149 /* Assets.xcassets in Resources */ = {isa = PBXBuildFile; fileRef = 187241A8231591CC00DFE149 /* Assets.xcassets */; };
		187241AC231591CC00DFE149 /* LaunchScreen.storyboard in Resources */ = {isa = PBXBuildFile; fileRef = 187241AA231591CC00DFE149 /* LaunchScreen.storyboard */; };
		187241B7231591CC00DFE149 /* testTests.swift in Sources */ = {isa = PBXBuildFile; fileRef = 187241B6231591CC00DFE149 /* testTests.swift */; };
		187241C2231591CC00DFE149 /* testUITests.swift in Sources */ = {isa = PBXBuildFile; fileRef = 187241C1231591CC00DFE149 /* testUITests.swift */; };
/* End PBXBuildFile section */

/* Begin PBXContainerItemProxy section */
		187241B3231591CC00DFE149 /* PBXContainerItemProxy */ = {
			isa = PBXContainerItemProxy;
			containerPortal = 18724196231591CB00DFE149 /* Project object */;
			proxyType = 1;
			remoteGlobalIDString = 1872419D231591CC00DFE149;
			remoteInfo = test;
		};
		187241BE231591CC00DFE149 /* PBXContainerItemProxy */ = {
			isa = PBXContainerItemProxy;
			containerPortal = 18724196231591CB00DFE149 /* Project object */;
			proxyType = 1;
			remoteGlobalIDString = 1872419D231591CC00DFE149;
			remoteInfo = test;
		};
/* End PBXContainerItemProxy section */

/* Begin PBXFileReference section */
		1872419E231591CC00DFE149 /* test.app */ = {isa = PBXFileReference; explicitFileType = wrapper.application; includeInIndex = 0; path = test.app; sourceTree = BUILT_PRODUCTS_DIR; };
		187241A1231591CC00DFE149 /* AppDelegate.swift */ = {isa = PBXFileReference; lastKnownFileType = sourcecode.swift; path = AppDelegate.swift; sourceTree = "<group>"; };
		187241A3231591CC00DFE149 /* ViewController.swift */ = {isa = PBXFileReference; lastKnownFileType = sourcecode.swift; path = ViewController.swift; sourceTree = "<group>"; };
		187241A6231591CC00DFE149 /* Base */ = {isa = PBXFileReference; lastKnownFileType = file.storyboard; name = Base; path = Base.lproj/Main.storyboard; sourceTree = "<group>"; };
		187241A8231591CC00DFE149 /* Assets.xcassets */ = {isa = PBXFileReference; lastKnownFileType = folder.assetcatalog; path = Assets.xcassets; sourceTree = "<group>"; };
		187241AB231591CC00DFE149 /* Base */ = {isa = PBXFileReference; lastKnownFileType = file.storyboard; name = Base; path = Base.lproj/LaunchScreen.storyboard; sourceTree = "<group>"; };
		187241AD231591CC00DFE149 /* Info.plist */ = {isa = PBXFileReference; lastKnownFileType = text.plist.xml; path = Info.plist; sourceTree = "<group>"; };
		187241B2231591CC00DFE149 /* testTests.xctest */ = {isa = PBXFileReference; explicitFileType = wrapper.cfbundle; includeInIndex = 0; path = testTests.xctest; sourceTree = BUILT_PRODUCTS_DIR; };
		187241B6231591CC00DFE149 /* testTests.swift */ = {isa = PBXFileReference; lastKnownFileType = sourcecode.swift; path = testTests.swift; sourceTree = "<group>"; };
		187241B8231591CC00DFE149 /* Info.plist */ = {isa = PBXFileReference; lastKnownFileType = text.plist.xml; path = Info.plist; sourceTree = "<group>"; };
		187241BD231591CC00DFE149 /* testUITests.xctest */ = {isa = PBXFileReference; explicitFileType = wrapper.cfbundle; includeInIndex = 0; path = testUITests.xctest; sourceTree = BUILT_PRODUCTS_DIR; };
		187241C1231591CC00DFE149 /* testUITests.swift */ = {isa = PBXFileReference; lastKnownFileType = sourcecode.swift; path = testUITests.swift; sourceTree = "<group>"; };
		187241C3231591CC00DFE149 /* Info.plist */ = {isa = PBXFileReference; lastKnownFileType = text.plist.xml; path = Info.plist; sourceTree = "<group>"; };
/* End PBXFileReference section */

/* Begin PBXFrameworksBuildPhase section */
		1872419B231591CC00DFE149 /* Frameworks */ = {
			isa = PBXFrameworksBuildPhase;
			buildActionMask = 2147483647;
			files = (
			);
			runOnlyForDeploymentPostprocessing = 0;
		};
		187241AF231591CC00DFE149 /* Frameworks */ = {
			isa = PBXFrameworksBuildPhase;
			buildActionMask = 2147483647;
			files = (
			);
			runOnlyForDeploymentPostprocessing = 0;
		};
		187241BA231591CC00DFE149 /* Frameworks */ = {
			isa = PBXFrameworksBuildPhase;
			buildActionMask = 2147483647;
			files = (
			);
			runOnlyForDeploymentPostprocessing = 0;
		};
/* End PBXFrameworksBuildPhase section */

/* Begin PBXGroup section */
		18724195231591CB00DFE149 = {
			isa = PBXGroup;
			children = (
				187241A0231591CC00DFE149 /* test */,
				187241B5231591CC00DFE149 /* testTests */,
				187241C0231591CC00DFE149 /* testUITests */,
				1872419F231591CC00DFE149 /* Products */,
			);
			sourceTree = "<group>";
		};
		1872419F231591CC00DFE149 /* Products */ = {
			isa = PBXGroup;
			children = (
				1872419E231591CC00DFE149 /* test.app */,
				187241B2231591CC00DFE149 /* testTests.xctest */,
				187241BD231591CC00DFE149 /* testUITests.xctest */,
			);
			name = Products;
			sourceTree = "<group>";
		};
		187241A0231591CC00DFE149 /* test */ = {
			isa = PBXGroup;
			children = (
				187241A1231591CC00DFE149 /* AppDelegate.swift */,
				187241A3231591CC00DFE149 /* ViewController.swift */,
				187241A5231591CC00DFE149 /* Main.storyboard */,
				187241A8231591CC00DFE149 /* Assets.xcassets */,
				187241AA231591CC00DFE149 /* LaunchScreen.storyboard */,
				187241AD231591CC00DFE149 /* Info.plist */,
			);
			path = test;
			sourceTree = "<group>";
		};
		187241B5231591CC00DFE149 /* testTests */ = {
			isa = PBXGroup;
			children = (
				187241B6231591CC00DFE149 /* testTests.swift */,
				187241B8231591CC00DFE149 /* Info.plist */,
			);
			path = testTests;
			sourceTree = "<group>";
		};
		187241C0231591CC00DFE149 /* testUITests */ = {
			isa = PBXGroup;
			children = (
				187241C1231591CC00DFE149 /* testUITests.swift */,
				187241C3231591CC00DFE149 /* Info.plist */,
			);
			path = testUITests;
			sourceTree = "<group>";
		};
/* End PBXGroup section */

/* Begin PBXNativeTarget section */
		1872419D231591CC00DFE149 /* test */ = {
			isa = PBXNativeTarget;
			buildConfigurationList = 187241C6231591CC00DFE149 /* Build configuration list for PBXNativeTarget "test" */;
			buildPhases = (
				1872419A231591CC00DFE149 /* Sources */,
				1872419B231591CC00DFE149 /* Frameworks */,
				1872419C231591CC00DFE149 /* Resources */,
			);
			buildRules = (
			);
			dependencies = (
			);
			name = test;
			productName = test;
			productReference = 1872419E231591CC00DFE149 /* test.app */;
			productType = "com.apple.product-type.application";
		};
		187241B1231591CC00DFE149 /* testTests */ = {
			isa = PBXNativeTarget;
			buildConfigurationList = 187241C9231591CC00DFE149 /* Build configuration list for PBXNativeTarget "testTests" */;
			buildPhases = (
				187241AE231591CC00DFE149 /* Sources */,
				187241AF231591CC00DFE149 /* Frameworks */,
				187241B0231591CC00DFE149 /* Resources */,
			);
			buildRules = (
			);
			dependencies = (
				187241B4231591CC00DFE149 /* PBXTargetDependency */,
			);
			name = testTests;
			productName = testTests;
			productReference = 187241B2231591CC00DFE149 /* testTests.xctest */;
			productType = "com.apple.product-type.bundle.unit-test";
		};
		187241BC231591CC00DFE149 /* testUITests */ = {
			isa = PBXNativeTarget;
			buildConfigurationList = 187241CC231591CC00DFE149 /* Build configuration list for PBXNativeTarget "testUITests" */;
			buildPhases = (
				187241B9231591CC00DFE149 /* Sources */,
				187241BA231591CC00DFE149 /* Frameworks */,
				187241BB231591CC00DFE149 /* Resources */,
			);
			buildRules = (
			);
			dependencies = (
				187241BF231591CC00DFE149 /* PBXTargetDependency */,
			);
			name = testUITests;
			productName = testUITests;
			productReference = 187241BD231591CC00DFE149 /* testUITests.xctest */;
			productType = "com.apple.product-type.bundle.ui-testing";
		};
/* End PBXNativeTarget section */

/* Begin PBXProject section */
		18724196231591CB00DFE149 /* Project object */ = {
			isa = PBXProject;
			attributes = {
				LastSwiftUpdateCheck = 1020;
				LastUpgradeCheck = 1020;
				ORGANIZATIONNAME = Apple;
				TargetAttributes = {
					1872419D231591CC00DFE149 = {
						CreatedOnToolsVersion = 10.2.1;
					};
					187241B1231591CC00DFE149 = {
						CreatedOnToolsVersion = 10.2.1;
						TestTargetID = 1872419D231591CC00DFE149;
					};
					187241BC231591CC00DFE149 = {
						CreatedOnToolsVersion = 10.2.1;
						TestTargetID = 1872419D231591CC00DFE149;
					};
				};
			};
			buildConfigurationList = 18724199231591CB00DFE149 /* Build configuration list for PBXProject "test" */;
			compatibilityVersion = "Xcode 9.3";
			developmentRegion = en;
			hasScannedForEncodings = 0;
			knownRegions = (
				en,
				Base,
			);
			mainGroup = 18724195231591CB00DFE149;
			productRefGroup = 1872419F231591CC00DFE149 /* Products */;
			projectDirPath = "";
			projectRoot = "";
			targets = (
				1872419D231591CC00DFE149 /* test */,
				187241B1231591CC00DFE149 /* testTests */,
				187241BC231591CC00DFE149 /* testUITests */,
			);
		};
/* End PBXProject section */

/* Begin PBXResourcesBuildPhase section */
		1872419C231591CC00DFE149 /* Resources */ = {
			isa = PBXResourcesBuildPhase;
			buildActionMask = 2147483647;
			files = (
				187241AC231591CC00DFE149 /* LaunchScreen.storyboard in Resources */,
				187241A9231591CC00DFE149 /* Assets.xcassets in Resources */,
				187241A7231591CC00DFE149 /* Main.storyboard in Resources */,
			);
			runOnlyForDeploymentPostprocessing = 0;
		};
		187241B0231591CC00DFE149 /* Resources */ = {
			isa = PBXResourcesBuildPhase;
			buildActionMask = 2147483647;
			files = (
			);
			runOnlyForDeploymentPostprocessing = 0;
		};
		187241BB231591CC00DFE149 /* Resources */ = {
			isa = PBXResourcesBuildPhase;
			buildActionMask = 2147483647;
			files = (
			);
			runOnlyForDeploymentPostprocessing = 0;
		};
/* End PBXResourcesBuildPhase section */

/* Begin PBXSourcesBuildPhase section */
		1872419A231591CC00DFE149 /* Sources */ = {
			isa = PBXSourcesBuildPhase;
			buildActionMask = 2147483647;
			files = (
				187241A4231591CC00DFE149 /* ViewController.swift in Sources */,
				187241A2231591CC00DFE149 /* AppDelegate.swift in Sources */,
			);
			runOnlyForDeploymentPostprocessing = 0;
		};
		187241AE231591CC00DFE149 /* Sources */ = {
			isa = PBXSourcesBuildPhase;
			buildActionMask = 2147483647;
			files = (
				187241B7231591CC00DFE149 /* testTests.swift in Sources */,
			);
			runOnlyForDeploymentPostprocessing = 0;
		};
		187241B9231591CC00DFE149 /* Sources */ = {
			isa = PBXSourcesBuildPhase;
			buildActionMask = 2147483647;
			files = (
				187241C2231591CC00DFE149 /* testUITests.swift in Sources */,
			);
			runOnlyForDeploymentPostprocessing = 0;
		};
/* End PBXSourcesBuildPhase section */

/* Begin PBXTargetDependency section */
		187241B4231591CC00DFE149 /* PBXTargetDependency */ = {
			isa = PBXTargetDependency;
			target = 1872419D231591CC00DFE149 /* test */;
			targetProxy = 187241B3231591CC00DFE149 /* PBXContainerItemProxy */;
		};
		187241BF231591CC00DFE149 /* PBXTargetDependency */ = {
			isa = PBXTargetDependency;
			target = 1872419D231591CC00DFE149 /* test */;
			targetProxy = 187241BE231591CC00DFE149 /* PBXContainerItemProxy */;
		};
/* End PBXTargetDependency section */

/* Begin PBXVariantGroup section */
		187241A5231591CC00DFE149 /* Main.storyboard */ = {
			isa = PBXVariantGroup;
			children = (
				187241A6231591CC00DFE149 /* Base */,
			);
			name = Main.storyboard;
			sourceTree = "<group>";
		};
		187241AA231591CC00DFE149 /* LaunchScreen.storyboard */ = {
			isa = PBXVariantGroup;
			children = (
				187241AB231591CC00DFE149 /* Base */,
			);
			name = LaunchScreen.storyboard;
			sourceTree = "<group>";
		};
/* End PBXVariantGroup section */

/* Begin XCBuildConfiguration section */
		187241C4231591CC00DFE149 /* Debug */ = {
			isa = XCBuildConfiguration;
			buildSettings = {
				ALWAYS_SEARCH_USER_PATHS = NO;
				CLANG_ANALYZER_NONNULL = YES;
				CLANG_ANALYZER_NUMBER_OBJECT_CONVERSION = YES_AGGRESSIVE;
				CLANG_CXX_LANGUAGE_STANDARD = "gnu++14";
				CLANG_CXX_LIBRARY = "libc++";
				CLANG_ENABLE_MODULES = YES;
				CLANG_ENABLE_OBJC_ARC = YES;
				CLANG_ENABLE_OBJC_WEAK = YES;
				CLANG_WARN_BLOCK_CAPTURE_AUTORELEASING = YES;
				CLANG_WARN_BOOL_CONVERSION = YES;
				CLANG_WARN_COMMA = YES;
				CLANG_WARN_CONSTANT_CONVERSION = YES;
				CLANG_WARN_DEPRECATED_OBJC_IMPLEMENTATIONS = YES;
				CLANG_WARN_DIRECT_OBJC_ISA_USAGE = YES_ERROR;
				CLANG_WARN_DOCUMENTATION_COMMENTS = YES;
				CLANG_WARN_EMPTY_BODY = YES;
				CLANG_WARN_ENUM_CONVERSION = YES;
				CLANG_WARN_INFINITE_RECURSION = YES;
				CLANG_WARN_INT_CONVERSION = YES;
				CLANG_WARN_NON_LITERAL_NULL_CONVERSION = YES;
				CLANG_WARN_OBJC_IMPLICIT_RETAIN_SELF = YES;
				CLANG_WARN_OBJC_LITERAL_CONVERSION = YES;
				CLANG_WARN_OBJC_ROOT_CLASS = YES_ERROR;
				CLANG_WARN_RANGE_LOOP_ANALYSIS = YES;
				CLANG_WARN_STRICT_PROTOTYPES = YES;
				CLANG_WARN_SUSPICIOUS_MOVE = YES;
				CLANG_WARN_UNGUARDED_AVAILABILITY = YES_AGGRESSIVE;
				CLANG_WARN_UNREACHABLE_CODE = YES;
				CLANG_WARN__DUPLICATE_METHOD_MATCH = YES;
				CODE_SIGN_IDENTITY = "iPhone Developer";
				COPY_PHASE_STRIP = NO;
				DEBUG_INFORMATION_FORMAT = dwarf;
				ENABLE_STRICT_OBJC_MSGSEND = YES;
				ENABLE_TESTABILITY = YES;
				GCC_C_LANGUAGE_STANDARD = gnu11;
				GCC_DYNAMIC_NO_PIC = NO;
				GCC_NO_COMMON_BLOCKS = YES;
				GCC_OPTIMIZATION_LEVEL = 0;
				GCC_PREPROCESSOR_DEFINITIONS = (
					"DEBUG=1",
					"$(inherited)",
				);
				GCC_WARN_64_TO_32_BIT_CONVERSION = YES;
				GCC_WARN_ABOUT_RETURN_TYPE = YES_ERROR;
				GCC_WARN_UNDECLARED_SELECTOR = YES;
				GCC_WARN_UNINITIALIZED_AUTOS = YES_AGGRESSIVE;
				GCC_WARN_UNUSED_FUNCTION = YES;
				GCC_WARN_UNUSED_VARIABLE = YES;
				IPHONEOS_DEPLOYMENT_TARGET = 12.2;
				MTL_ENABLE_DEBUG_INFO = INCLUDE_SOURCE;
				MTL_FAST_MATH = YES;
				ONLY_ACTIVE_ARCH = YES;
				SDKROOT = iphoneos;
				SWIFT_ACTIVE_COMPILATION_CONDITIONS = DEBUG;
				SWIFT_OPTIMIZATION_LEVEL = "-Onone";
			};
			name = Debug;
		};
		187241C5231591CC00DFE149 /* Release */ = {
			isa = XCBuildConfiguration;
			buildSettings = {
				ALWAYS_SEARCH_USER_PATHS = NO;
				CLANG_ANALYZER_NONNULL = YES;
				CLANG_ANALYZER_NUMBER_OBJECT_CONVERSION = YES_AGGRESSIVE;
				CLANG_CXX_LANGUAGE_STANDARD = "gnu++14";
				CLANG_CXX_LIBRARY = "libc++";
				CLANG_ENABLE_MODULES = YES;
				CLANG_ENABLE_OBJC_ARC = YES;
				CLANG_ENABLE_OBJC_WEAK = YES;
				CLANG_WARN_BLOCK_CAPTURE_AUTORELEASING = YES;
				CLANG_WARN_BOOL_CONVERSION = YES;
				CLANG_WARN_COMMA = YES;
				CLANG_WARN_CONSTANT_CONVERSION = YES;
				CLANG_WARN_DEPRECATED_OBJC_IMPLEMENTATIONS = YES;
				CLANG_WARN_DIRECT_OBJC_ISA_USAGE = YES_ERROR;
				CLANG_WARN_DOCUMENTATION_COMMENTS = YES;
				CLANG_WARN_EMPTY_BODY = YES;
				CLANG_WARN_ENUM_CONVERSION = YES;
				CLANG_WARN_INFINITE_RECURSION = YES;
				CLANG_WARN_INT_CONVERSION = YES;
				CLANG_WARN_NON_LITERAL_NULL_CONVERSION = YES;
				CLANG_WARN_OBJC_IMPLICIT_RETAIN_SELF = YES;
				CLANG_WARN_OBJC_LITERAL_CONVERSION = YES;
				CLANG_WARN_OBJC_ROOT_CLASS = YES_ERROR;
				CLANG_WARN_RANGE_LOOP_ANALYSIS = YES;
				CLANG_WARN_STRICT_PROTOTYPES = YES;
				CLANG_WARN_SUSPICIOUS_MOVE = YES;
				CLANG_WARN_UNGUARDED_AVAILABILITY = YES_AGGRESSIVE;
				CLANG_WARN_UNREACHABLE_CODE = YES;
				CLANG_WARN__DUPLICATE_METHOD_MATCH = YES;
				CODE_SIGN_IDENTITY = "iPhone Developer";
				COPY_PHASE_STRIP = NO;
				DEBUG_INFORMATION_FORMAT = "dwarf-with-dsym";
				ENABLE_NS_ASSERTIONS = NO;
				ENABLE_STRICT_OBJC_MSGSEND = YES;
				GCC_C_LANGUAGE_STANDARD = gnu11;
				GCC_NO_COMMON_BLOCKS = YES;
				GCC_WARN_64_TO_32_BIT_CONVERSION = YES;
				GCC_WARN_ABOUT_RETURN_TYPE = YES_ERROR;
				GCC_WARN_UNDECLARED_SELECTOR = YES;
				GCC_WARN_UNINITIALIZED_AUTOS = YES_AGGRESSIVE;
				GCC_WARN_UNUSED_FUNCTION = YES;
				GCC_WARN_UNUSED_VARIABLE = YES;
				IPHONEOS_DEPLOYMENT_TARGET = 12.2;
				MTL_ENABLE_DEBUG_INFO = NO;
				MTL_FAST_MATH = YES;
				SDKROOT = iphoneos;
				SWIFT_COMPILATION_MODE = wholemodule;
				SWIFT_OPTIMIZATION_LEVEL = "-O";
				VALIDATE_PRODUCT = YES;
			};
			name = Release;
		};
		187241C7231591CC00DFE149 /* Debug */ = {
			isa = XCBuildConfiguration;
			buildSettings = {
				ASSETCATALOG_COMPILER_APPICON_NAME = AppIcon;
				CODE_SIGN_STYLE = Automatic;
				INFOPLIST_FILE = test/Info.plist;
				LD_RUNPATH_SEARCH_PATHS = (
					"$(inherited)",
					"@executable_path/Frameworks",
				);
				PRODUCT_BUNDLE_IDENTIFIER = hayamac.test;
				PRODUCT_NAME = "$(TARGET_NAME)";
				SWIFT_VERSION = 5.0;
				TARGETED_DEVICE_FAMILY = "1,2";
			};
			name = Debug;
		};
		187241C8231591CC00DFE149 /* Release */ = {
			isa = XCBuildConfiguration;
			buildSettings = {
				ASSETCATALOG_COMPILER_APPICON_NAME = AppIcon;
				CODE_SIGN_STYLE = Automatic;
				INFOPLIST_FILE = test/Info.plist;
				LD_RUNPATH_SEARCH_PATHS = (
					"$(inherited)",
					"@executable_path/Frameworks",
				);
				PRODUCT_BUNDLE_IDENTIFIER = hayamac.test;
				PRODUCT_NAME = "$(TARGET_NAME)";
				SWIFT_VERSION = 5.0;
				TARGETED_DEVICE_FAMILY = "1,2";
			};
			name = Release;
		};
		187241CA231591CC00DFE149 /* Debug */ = {
			isa = XCBuildConfiguration;
			buildSettings = {
				ALWAYS_EMBED_SWIFT_STANDARD_LIBRARIES = YES;
				BUNDLE_LOADER = "$(TEST_HOST)";
				CODE_SIGN_STYLE = Automatic;
				INFOPLIST_FILE = testTests/Info.plist;
				LD_RUNPATH_SEARCH_PATHS = (
					"$(inherited)",
					"@executable_path/Frameworks",
					"@loader_path/Frameworks",
				);
				PRODUCT_BUNDLE_IDENTIFIER = hayamac.testTests;
				PRODUCT_NAME = "$(TARGET_NAME)";
				SWIFT_VERSION = 5.0;
				TARGETED_DEVICE_FAMILY = "1,2";
				TEST_HOST = "$(BUILT_PRODUCTS_DIR)/test.app/test";
			};
			name = Debug;
		};
		187241CB231591CC00DFE149 /* Release */ = {
			isa = XCBuildConfiguration;
			buildSettings = {
				ALWAYS_EMBED_SWIFT_STANDARD_LIBRARIES = YES;
				BUNDLE_LOADER = "$(TEST_HOST)";
				CODE_SIGN_STYLE = Automatic;
				INFOPLIST_FILE = testTests/Info.plist;
				LD_RUNPATH_SEARCH_PATHS = (
					"$(inherited)",
					"@executable_path/Frameworks",
					"@loader_path/Frameworks",
				);
				PRODUCT_BUNDLE_IDENTIFIER = hayamac.testTests;
				PRODUCT_NAME = "$(TARGET_NAME)";
				SWIFT_VERSION = 5.0;
				TARGETED_DEVICE_FAMILY = "1,2";
				TEST_HOST = "$(BUILT_PRODUCTS_DIR)/test.app/test";
			};
			name = Release;
		};
		187241CD231591CC00DFE149 /* Debug */ = {
			isa = XCBuildConfiguration;
			buildSettings = {
				ALWAYS_EMBED_SWIFT_STANDARD_LIBRARIES = YES;
				CODE_SIGN_STYLE = Automatic;
				INFOPLIST_FILE = testUITests/Info.plist;
				LD_RUNPATH_SEARCH_PATHS = (
					"$(inherited)",
					"@executable_path/Frameworks",
					"@loader_path/Frameworks",
				);
				PRODUCT_BUNDLE_IDENTIFIER = hayamac.testUITests;
				PRODUCT_NAME = "$(TARGET_NAME)";
				SWIFT_VERSION = 5.0;
				TARGETED_DEVICE_FAMILY = "1,2";
				TEST_TARGET_NAME = test;
			};
			name = Debug;
		};
		187241CE231591CC00DFE149 /* Release */ = {
			isa = XCBuildConfiguration;
			buildSettings = {
				ALWAYS_EMBED_SWIFT_STANDARD_LIBRARIES = YES;
				CODE_SIGN_STYLE = Automatic;
				INFOPLIST_FILE = testUITests/Info.plist;
				LD_RUNPATH_SEARCH_PATHS = (
					"$(inherited)",
					"@executable_path/Frameworks",
					"@loader_path/Frameworks",
				);
				PRODUCT_BUNDLE_IDENTIFIER = hayamac.testUITests;
				PRODUCT_NAME = "$(TARGET_NAME)";
				SWIFT_VERSION = 5.0;
				TARGETED_DEVICE_FAMILY = "1,2";
				TEST_TARGET_NAME = test;
			};
			name = Release;
		};
/* End XCBuildConfiguration section */

/* Begin XCConfigurationList section */
		18724199231591CB00DFE149 /* Build configuration list for PBXProject "test" */ = {
			isa = XCConfigurationList;
			buildConfigurations = (
				187241C4231591CC00DFE149 /* Debug */,
				187241C5231591CC00DFE149 /* Release */,
			);
			defaultConfigurationIsVisible = 0;
			defaultConfigurationName = Release;
		};
		187241C6231591CC00DFE149 /* Build configuration list for PBXNativeTarget "test" */ = {
			isa = XCConfigurationList;
			buildConfigurations = (
				187241C7231591CC00DFE149 /* Debug */,
				187241C8231591CC00DFE149 /* Release */,
			);
			defaultConfigurationIsVisible = 0;
			defaultConfigurationName = Release;
		};
		187241C9231591CC00DFE149 /* Build configuration list for PBXNativeTarget "testTests" */ = {
			isa = XCConfigurationList;
			buildConfigurations = (
				187241CA231591CC00DFE149 /* Debug */,
				187241CB231591CC00DFE149 /* Release */,
			);
			defaultConfigurationIsVisible = 0;
			defaultConfigurationName = Release;
		};
		187241CC231591CC00DFE149 /* Build configuration list for PBXNativeTarget "testUITests" */ = {
			isa = XCConfigurationList;
			buildConfigurations = (
				187241CD231591CC00DFE149 /* Debug */,
				187241CE231591CC00DFE149 /* Release */,
			);
			defaultConfigurationIsVisible = 0;
			defaultConfigurationName = Release;
		};
/* End XCConfigurationList section */
	};
	rootObject = 18724196231591CB00DFE149 /* Project object */;
}
